
Microsoft Visual Studio Solution File, Format Version 12.00
# Visual Studio Version 17
VisualStudioVersion = 17.11.35312.102
MinimumVisualStudioVersion = 10.0.40219.1
Project("{FAE04EC0-301F-11D3-BF4B-00C04F79EFBC}") = "passwordGenerator", "passwordGenerator.csproj", "{30909FDC-85E6-4ADA-BBC8-7051B72B2744}"
EndProject
Global
	GlobalSection(SolutionConfigurationPlatforms) = preSolution
		Debug|Any CPU = Debug|Any CPU
		Release|Any CPU = Release|Any CPU
	EndGlobalSection
	GlobalSection(ProjectConfigurationPlatforms) = postSolution
		{30909FDC-85E6-4ADA-BBC8-7051B72B2744}.Debug|Any CPU.ActiveCfg = Debug|Any CPU
		{30909FDC-85E6-4ADA-BBC8-7051B72B2744}.Debug|Any CPU.Build.0 = Debug|Any CPU
		{30909FDC-85E6-4ADA-BBC8-7051B72B2744}.Release|Any CPU.ActiveCfg = Release|Any CPU
		{30909FDC-85E6-4ADA-BBC8-7051B72B2744}.Release|Any CPU.Build.0 = Release|Any CPU
	EndGlobalSection
	GlobalSection(SolutionProperties) = preSolution
		HideSolutionNode = FALSE
	EndGlobalSection
	GlobalSection(ExtensibilityGlobals) = postSolution
		SolutionGuid = {A1E5E65B-F8E8-4A88-985C-B774F27D7E5A}
	EndGlobalSection
EndGlobal
